
Microsoft Visual Studio Solution File, Format Version 12.00
# Visual Studio 15
VisualStudioVersion = 15.0.28010.2048
MinimumVisualStudioVersion = 10.0.40219.1
Project("{FAE04EC0-301F-11D3-BF4B-00C04F79EFBC}") = "TicTacCommand", "TicTac\TicTacCommand.csproj", "{E29CD631-5F5C-4092-856E-4866F1327982}"
EndProject
Project("{FAE04EC0-301F-11D3-BF4B-00C04F79EFBC}") = "TicTacTest", "TocTacTest\TicTacTest.csproj", "{46DA2812-ACF2-447F-8DB1-2F26AD190EAE}"
EndProject
Global
	GlobalSection(SolutionConfigurationPlatforms) = preSolution
		Debug|Any CPU = Debug|Any CPU
		Release|Any CPU = Release|Any CPU
	EndGlobalSection
	GlobalSection(ProjectConfigurationPlatforms) = postSolution
		{E29CD631-5F5C-4092-856E-4866F1327982}.Debug|Any CPU.ActiveCfg = Debug|Any CPU
		{E29CD631-5F5C-4092-856E-4866F1327982}.Debug|Any CPU.Build.0 = Debug|Any CPU
		{E29CD631-5F5C-4092-856E-4866F1327982}.Release|Any CPU.ActiveCfg = Release|Any CPU
		{E29CD631-5F5C-4092-856E-4866F1327982}.Release|Any CPU.Build.0 = Release|Any CPU
		{46DA2812-ACF2-447F-8DB1-2F26AD190EAE}.Debug|Any CPU.ActiveCfg = Debug|Any CPU
		{46DA2812-ACF2-447F-8DB1-2F26AD190EAE}.Debug|Any CPU.Build.0 = Debug|Any CPU
		{46DA2812-ACF2-447F-8DB1-2F26AD190EAE}.Release|Any CPU.ActiveCfg = Release|Any CPU
		{46DA2812-ACF2-447F-8DB1-2F26AD190EAE}.Release|Any CPU.Build.0 = Release|Any CPU
	EndGlobalSection
	GlobalSection(SolutionProperties) = preSolution
		HideSolutionNode = FALSE
	EndGlobalSection
	GlobalSection(ExtensibilityGlobals) = postSolution
		SolutionGuid = {B516C96A-B131-436B-A6BC-1DBC34575269}
	EndGlobalSection
EndGlobal
