
Microsoft Visual Studio Solution File, Format Version 12.00
# Visual Studio 15
VisualStudioVersion = 15.0.28010.2048
MinimumVisualStudioVersion = 10.0.40219.1
Project("{FAE04EC0-301F-11D3-BF4B-00C04F79EFBC}") = "Three Card Poker", "Three Card Poker\Three Card Poker.csproj", "{FFE974BA-3492-435C-9C45-13A588681CBF}"
EndProject
Project("{FAE04EC0-301F-11D3-BF4B-00C04F79EFBC}") = "Three Card Poker Tests", "Three Card Poker Tests\Three Card Poker Tests.csproj", "{56C73062-1D03-4713-9A7D-212D02826EC2}"
EndProject
Global
	GlobalSection(SolutionConfigurationPlatforms) = preSolution
		Debug|Any CPU = Debug|Any CPU
		Release|Any CPU = Release|Any CPU
	EndGlobalSection
	GlobalSection(ProjectConfigurationPlatforms) = postSolution
		{FFE974BA-3492-435C-9C45-13A588681CBF}.Debug|Any CPU.ActiveCfg = Debug|Any CPU
		{FFE974BA-3492-435C-9C45-13A588681CBF}.Debug|Any CPU.Build.0 = Debug|Any CPU
		{FFE974BA-3492-435C-9C45-13A588681CBF}.Release|Any CPU.ActiveCfg = Release|Any CPU
		{FFE974BA-3492-435C-9C45-13A588681CBF}.Release|Any CPU.Build.0 = Release|Any CPU
		{56C73062-1D03-4713-9A7D-212D02826EC2}.Debug|Any CPU.ActiveCfg = Debug|Any CPU
		{56C73062-1D03-4713-9A7D-212D02826EC2}.Debug|Any CPU.Build.0 = Debug|Any CPU
		{56C73062-1D03-4713-9A7D-212D02826EC2}.Release|Any CPU.ActiveCfg = Release|Any CPU
		{56C73062-1D03-4713-9A7D-212D02826EC2}.Release|Any CPU.Build.0 = Release|Any CPU
	EndGlobalSection
	GlobalSection(SolutionProperties) = preSolution
		HideSolutionNode = FALSE
	EndGlobalSection
	GlobalSection(ExtensibilityGlobals) = postSolution
		SolutionGuid = {E79FC0F0-A4EA-4DB9-9B44-09C0680AD7AD}
	EndGlobalSection
EndGlobal
